
Microsoft Visual Studio Solution File, Format Version 12.00
# Visual Studio 15
VisualStudioVersion = 15.0.26730.16
MinimumVisualStudioVersion = 10.0.40219.1
Project("{FAE04EC0-301F-11D3-BF4B-00C04F79EFBC}") = "Arreglos", "Arreglos\Arreglos.csproj", "{A35959F7-2730-4990-92B4-4B36B33B0845}"
EndProject
Global
	GlobalSection(SolutionConfigurationPlatforms) = preSolution
		Debug|Any CPU = Debug|Any CPU
		Release|Any CPU = Release|Any CPU
	EndGlobalSection
	GlobalSection(ProjectConfigurationPlatforms) = postSolution
		{A35959F7-2730-4990-92B4-4B36B33B0845}.Debug|Any CPU.ActiveCfg = Debug|Any CPU
		{A35959F7-2730-4990-92B4-4B36B33B0845}.Debug|Any CPU.Build.0 = Debug|Any CPU
		{A35959F7-2730-4990-92B4-4B36B33B0845}.Release|Any CPU.ActiveCfg = Release|Any CPU
		{A35959F7-2730-4990-92B4-4B36B33B0845}.Release|Any CPU.Build.0 = Release|Any CPU
	EndGlobalSection
	GlobalSection(SolutionProperties) = preSolution
		HideSolutionNode = FALSE
	EndGlobalSection
	GlobalSection(ExtensibilityGlobals) = postSolution
		SolutionGuid = {725575C6-4981-411A-B36B-25DA695926DB}
	EndGlobalSection
EndGlobal
